// !$*UTF8*$!
{
	archiveVersion = 1;
	classes = {
	};
	objectVersion = 55;
	objects = {

/* Begin PBXBuildFile section */
		12D82F01293B669C00B8BEFC /* AppDelegate.swift in Sources */ = {isa = PBXBuildFile; fileRef = 12D82F00293B669C00B8BEFC /* AppDelegate.swift */; };
		12D82F03293B669C00B8BEFC /* SceneDelegate.swift in Sources */ = {isa = PBXBuildFile; fileRef = 12D82F02293B669C00B8BEFC /* SceneDelegate.swift */; };
		12D82F05293B669C00B8BEFC /* UserListViewController.swift in Sources */ = {isa = PBXBuildFile; fileRef = 12D82F04293B669C00B8BEFC /* UserListViewController.swift */; };
		12D82F08293B669C00B8BEFC /* Main.storyboard in Resources */ = {isa = PBXBuildFile; fileRef = 12D82F06293B669C00B8BEFC /* Main.storyboard */; };
		12D82F0A293B669D00B8BEFC /* Assets.xcassets in Resources */ = {isa = PBXBuildFile; fileRef = 12D82F09293B669D00B8BEFC /* Assets.xcassets */; };
		12D82F0D293B669D00B8BEFC /* LaunchScreen.storyboard in Resources */ = {isa = PBXBuildFile; fileRef = 12D82F0B293B669D00B8BEFC /* LaunchScreen.storyboard */; };
		12D82F1D293B8AEB00B8BEFC /* Koin.swift in Sources */ = {isa = PBXBuildFile; fileRef = 12D82F1C293B8AEB00B8BEFC /* Koin.swift */; };
		12D82F22293B9C8D00B8BEFC /* CombineAdapters.swift in Sources */ = {isa = PBXBuildFile; fileRef = 12D82F21293B9C8D00B8BEFC /* CombineAdapters.swift */; };
		12F14520293BA04500A85EDA /* ErrorView.swift in Sources */ = {isa = PBXBuildFile; fileRef = 12F1451E293BA04500A85EDA /* ErrorView.swift */; };
		12F14521293BA04500A85EDA /* ErrorView.xib in Resources */ = {isa = PBXBuildFile; fileRef = 12F1451F293BA04500A85EDA /* ErrorView.xib */; };
		12F14524293BA05200A85EDA /* UserTableViewCell.swift in Sources */ = {isa = PBXBuildFile; fileRef = 12F14522293BA05200A85EDA /* UserTableViewCell.swift */; };
		12F14525293BA05200A85EDA /* UserTableViewCell.xib in Resources */ = {isa = PBXBuildFile; fileRef = 12F14523293BA05200A85EDA /* UserTableViewCell.xib */; };
		12F14529293BBEF300A85EDA /* BaseKMMViewController.swift in Sources */ = {isa = PBXBuildFile; fileRef = 12F14528293BBEF300A85EDA /* BaseKMMViewController.swift */; };
/* End PBXBuildFile section */

/* Begin PBXFileReference section */
		12D82EFD293B669C00B8BEFC /* iosApp.app */ = {isa = PBXFileReference; explicitFileType = wrapper.application; includeInIndex = 0; path = iosApp.app; sourceTree = BUILT_PRODUCTS_DIR; };
		12D82F00293B669C00B8BEFC /* AppDelegate.swift */ = {isa = PBXFileReference; lastKnownFileType = sourcecode.swift; path = AppDelegate.swift; sourceTree = "<group>"; };
		12D82F02293B669C00B8BEFC /* SceneDelegate.swift */ = {isa = PBXFileReference; lastKnownFileType = sourcecode.swift; path = SceneDelegate.swift; sourceTree = "<group>"; };
		12D82F04293B669C00B8BEFC /* UserListViewController.swift */ = {isa = PBXFileReference; lastKnownFileType = sourcecode.swift; path = UserListViewController.swift; sourceTree = "<group>"; };
		12D82F07293B669C00B8BEFC /* Base */ = {isa = PBXFileReference; lastKnownFileType = file.storyboard; name = Base; path = Base.lproj/Main.storyboard; sourceTree = "<group>"; };
		12D82F09293B669D00B8BEFC /* Assets.xcassets */ = {isa = PBXFileReference; lastKnownFileType = folder.assetcatalog; path = Assets.xcassets; sourceTree = "<group>"; };
		12D82F0C293B669D00B8BEFC /* Base */ = {isa = PBXFileReference; lastKnownFileType = file.storyboard; name = Base; path = Base.lproj/LaunchScreen.storyboard; sourceTree = "<group>"; };
		12D82F0E293B669D00B8BEFC /* Info.plist */ = {isa = PBXFileReference; lastKnownFileType = text.plist.xml; path = Info.plist; sourceTree = "<group>"; };
		12D82F1C293B8AEB00B8BEFC /* Koin.swift */ = {isa = PBXFileReference; lastKnownFileType = sourcecode.swift; path = Koin.swift; sourceTree = "<group>"; };
		12D82F21293B9C8D00B8BEFC /* CombineAdapters.swift */ = {isa = PBXFileReference; lastKnownFileType = sourcecode.swift; path = CombineAdapters.swift; sourceTree = "<group>"; };
		12F1451E293BA04500A85EDA /* ErrorView.swift */ = {isa = PBXFileReference; fileEncoding = 4; lastKnownFileType = sourcecode.swift; path = ErrorView.swift; sourceTree = "<group>"; };
		12F1451F293BA04500A85EDA /* ErrorView.xib */ = {isa = PBXFileReference; fileEncoding = 4; lastKnownFileType = file.xib; path = ErrorView.xib; sourceTree = "<group>"; };
		12F14522293BA05200A85EDA /* UserTableViewCell.swift */ = {isa = PBXFileReference; fileEncoding = 4; lastKnownFileType = sourcecode.swift; path = UserTableViewCell.swift; sourceTree = "<group>"; };
		12F14523293BA05200A85EDA /* UserTableViewCell.xib */ = {isa = PBXFileReference; fileEncoding = 4; lastKnownFileType = file.xib; path = UserTableViewCell.xib; sourceTree = "<group>"; };
		12F14528293BBEF300A85EDA /* BaseKMMViewController.swift */ = {isa = PBXFileReference; lastKnownFileType = sourcecode.swift; path = BaseKMMViewController.swift; sourceTree = "<group>"; };
/* End PBXFileReference section */

/* Begin PBXFrameworksBuildPhase section */
		12D82EFA293B669C00B8BEFC /* Frameworks */ = {
			isa = PBXFrameworksBuildPhase;
			buildActionMask = 2147483647;
			files = (
			);
			runOnlyForDeploymentPostprocessing = 0;
		};
/* End PBXFrameworksBuildPhase section */

/* Begin PBXGroup section */
		12D82EF4293B669C00B8BEFC = {
			isa = PBXGroup;
			children = (
				12D82EFF293B669C00B8BEFC /* iosApp */,
				12D82EFE293B669C00B8BEFC /* Products */,
			);
			sourceTree = "<group>";
		};
		12D82EFE293B669C00B8BEFC /* Products */ = {
			isa = PBXGroup;
			children = (
				12D82EFD293B669C00B8BEFC /* iosApp.app */,
			);
			name = Products;
			sourceTree = "<group>";
		};
		12D82EFF293B669C00B8BEFC /* iosApp */ = {
			isa = PBXGroup;
			children = (
				12D82F15293B697F00B8BEFC /* Source */,
				12D82F16293B698600B8BEFC /* Resource */,
				12D82F0E293B669D00B8BEFC /* Info.plist */,
			);
			path = iosApp;
			sourceTree = "<group>";
		};
		12D82F15293B697F00B8BEFC /* Source */ = {
			isa = PBXGroup;
			children = (
				12D82F19293B69BA00B8BEFC /* App */,
				12D82F1E293B9C3400B8BEFC /* Common */,
				12D82F17293B69A300B8BEFC /* UI */,
			);
			path = Source;
			sourceTree = "<group>";
		};
		12D82F16293B698600B8BEFC /* Resource */ = {
			isa = PBXGroup;
			children = (
				12D82F09293B669D00B8BEFC /* Assets.xcassets */,
			);
			path = Resource;
			sourceTree = "<group>";
		};
		12D82F17293B69A300B8BEFC /* UI */ = {
			isa = PBXGroup;
			children = (
				12D82F25293B9EB500B8BEFC /* Common */,
				12D82F18293B69A700B8BEFC /* Others */,
				12D82F23293B9E0600B8BEFC /* Userlist */,
			);
			path = UI;
			sourceTree = "<group>";
		};
		12D82F18293B69A700B8BEFC /* Others */ = {
			isa = PBXGroup;
			children = (
				12D82F02293B669C00B8BEFC /* SceneDelegate.swift */,
				12D82F0B293B669D00B8BEFC /* LaunchScreen.storyboard */,
			);
			path = Others;
			sourceTree = "<group>";
		};
		12D82F19293B69BA00B8BEFC /* App */ = {
			isa = PBXGroup;
			children = (
				12D82F1B293B8AD300B8BEFC /* DI */,
				12D82F00293B669C00B8BEFC /* AppDelegate.swift */,
			);
			path = App;
			sourceTree = "<group>";
		};
		12D82F1B293B8AD300B8BEFC /* DI */ = {
			isa = PBXGroup;
			children = (
				12D82F1C293B8AEB00B8BEFC /* Koin.swift */,
			);
			path = DI;
			sourceTree = "<group>";
		};
		12D82F1E293B9C3400B8BEFC /* Common */ = {
			isa = PBXGroup;
			children = (
				12D82F1F293B9C4900B8BEFC /* Utility */,
			);
			path = Common;
			sourceTree = "<group>";
		};
		12D82F1F293B9C4900B8BEFC /* Utility */ = {
			isa = PBXGroup;
			children = (
				12D82F20293B9C5700B8BEFC /* Concurrency */,
			);
			path = Utility;
			sourceTree = "<group>";
		};
		12D82F20293B9C5700B8BEFC /* Concurrency */ = {
			isa = PBXGroup;
			children = (
				12D82F21293B9C8D00B8BEFC /* CombineAdapters.swift */,
			);
			path = Concurrency;
			sourceTree = "<group>";
		};
		12D82F23293B9E0600B8BEFC /* Userlist */ = {
			isa = PBXGroup;
			children = (
				12F1451B293BA01600A85EDA /* View */,
				12D82F24293B9EA600B8BEFC /* ViewController */,
			);
			path = Userlist;
			sourceTree = "<group>";
		};
		12D82F24293B9EA600B8BEFC /* ViewController */ = {
			isa = PBXGroup;
			children = (
				12D82F04293B669C00B8BEFC /* UserListViewController.swift */,
			);
			path = ViewController;
			sourceTree = "<group>";
		};
		12D82F25293B9EB500B8BEFC /* Common */ = {
			isa = PBXGroup;
			children = (
				12F14527293BBED400A85EDA /* ViewController */,
				12F14526293BBECA00A85EDA /* Storyboard */,
			);
			path = Common;
			sourceTree = "<group>";
		};
		12F1451B293BA01600A85EDA /* View */ = {
			isa = PBXGroup;
			children = (
				12F1451C293BA02B00A85EDA /* Error */,
				12F1451D293BA03300A85EDA /* UserCell */,
			);
			path = View;
			sourceTree = "<group>";
		};
		12F1451C293BA02B00A85EDA /* Error */ = {
			isa = PBXGroup;
			children = (
				12F1451E293BA04500A85EDA /* ErrorView.swift */,
				12F1451F293BA04500A85EDA /* ErrorView.xib */,
			);
			path = Error;
			sourceTree = "<group>";
		};
		12F1451D293BA03300A85EDA /* UserCell */ = {
			isa = PBXGroup;
			children = (
				12F14522293BA05200A85EDA /* UserTableViewCell.swift */,
				12F14523293BA05200A85EDA /* UserTableViewCell.xib */,
			);
			path = UserCell;
			sourceTree = "<group>";
		};
		12F14526293BBECA00A85EDA /* Storyboard */ = {
			isa = PBXGroup;
			children = (
				12D82F06293B669C00B8BEFC /* Main.storyboard */,
			);
			path = Storyboard;
			sourceTree = "<group>";
		};
		12F14527293BBED400A85EDA /* ViewController */ = {
			isa = PBXGroup;
			children = (
				12F14528293BBEF300A85EDA /* BaseKMMViewController.swift */,
			);
			path = ViewController;
			sourceTree = "<group>";
		};
/* End PBXGroup section */

/* Begin PBXNativeTarget section */
		12D82EFC293B669C00B8BEFC /* iosApp */ = {
			isa = PBXNativeTarget;
			buildConfigurationList = 12D82F11293B669D00B8BEFC /* Build configuration list for PBXNativeTarget "iosApp" */;
			buildPhases = (
				12D82F14293B66E300B8BEFC /* ShellScript */,
				12D82EF9293B669C00B8BEFC /* Sources */,
				12D82EFA293B669C00B8BEFC /* Frameworks */,
				12D82EFB293B669C00B8BEFC /* Resources */,
			);
			buildRules = (
			);
			dependencies = (
			);
			name = iosApp;
			productName = iosApp;
			productReference = 12D82EFD293B669C00B8BEFC /* iosApp.app */;
			productType = "com.apple.product-type.application";
		};
/* End PBXNativeTarget section */

/* Begin PBXProject section */
		12D82EF5293B669C00B8BEFC /* Project object */ = {
			isa = PBXProject;
			attributes = {
				BuildIndependentTargetsInParallel = 1;
				LastSwiftUpdateCheck = 1340;
				LastUpgradeCheck = 1340;
				TargetAttributes = {
					12D82EFC293B669C00B8BEFC = {
						CreatedOnToolsVersion = 13.4.1;
					};
				};
			};
			buildConfigurationList = 12D82EF8293B669C00B8BEFC /* Build configuration list for PBXProject "iosApp" */;
			compatibilityVersion = "Xcode 13.0";
			developmentRegion = en;
			hasScannedForEncodings = 0;
			knownRegions = (
				en,
				Base,
			);
			mainGroup = 12D82EF4293B669C00B8BEFC;
			productRefGroup = 12D82EFE293B669C00B8BEFC /* Products */;
			projectDirPath = "";
			projectRoot = "";
			targets = (
				12D82EFC293B669C00B8BEFC /* iosApp */,
			);
		};
/* End PBXProject section */

/* Begin PBXResourcesBuildPhase section */
		12D82EFB293B669C00B8BEFC /* Resources */ = {
			isa = PBXResourcesBuildPhase;
			buildActionMask = 2147483647;
			files = (
				12D82F0D293B669D00B8BEFC /* LaunchScreen.storyboard in Resources */,
				12D82F0A293B669D00B8BEFC /* Assets.xcassets in Resources */,
				12D82F08293B669C00B8BEFC /* Main.storyboard in Resources */,
				12F14521293BA04500A85EDA /* ErrorView.xib in Resources */,
				12F14525293BA05200A85EDA /* UserTableViewCell.xib in Resources */,
			);
			runOnlyForDeploymentPostprocessing = 0;
		};
/* End PBXResourcesBuildPhase section */

/* Begin PBXShellScriptBuildPhase section */
		12D82F14293B66E300B8BEFC /* ShellScript */ = {
			isa = PBXShellScriptBuildPhase;
			buildActionMask = 2147483647;
			files = (
			);
			inputFileListPaths = (
			);
			inputPaths = (
			);
			outputFileListPaths = (
			);
			outputPaths = (
			);
			runOnlyForDeploymentPostprocessing = 0;
			shellPath = /bin/sh;
			shellScript = "cd \"$SRCROOT/..\"\n./gradlew :shared:embedAndSignAppleFrameworkForXcode\n";
		};
/* End PBXShellScriptBuildPhase section */

/* Begin PBXSourcesBuildPhase section */
		12D82EF9293B669C00B8BEFC /* Sources */ = {
			isa = PBXSourcesBuildPhase;
			buildActionMask = 2147483647;
			files = (
				12D82F05293B669C00B8BEFC /* UserListViewController.swift in Sources */,
				12F14520293BA04500A85EDA /* ErrorView.swift in Sources */,
				12F14524293BA05200A85EDA /* UserTableViewCell.swift in Sources */,
				12D82F01293B669C00B8BEFC /* AppDelegate.swift in Sources */,
				12D82F1D293B8AEB00B8BEFC /* Koin.swift in Sources */,
				12F14529293BBEF300A85EDA /* BaseKMMViewController.swift in Sources */,
				12D82F03293B669C00B8BEFC /* SceneDelegate.swift in Sources */,
				12D82F22293B9C8D00B8BEFC /* CombineAdapters.swift in Sources */,
			);
			runOnlyForDeploymentPostprocessing = 0;
		};
/* End PBXSourcesBuildPhase section */

/* Begin PBXVariantGroup section */
		12D82F06293B669C00B8BEFC /* Main.storyboard */ = {
			isa = PBXVariantGroup;
			children = (
				12D82F07293B669C00B8BEFC /* Base */,
			);
			name = Main.storyboard;
			sourceTree = "<group>";
		};
		12D82F0B293B669D00B8BEFC /* LaunchScreen.storyboard */ = {
			isa = PBXVariantGroup;
			children = (
				12D82F0C293B669D00B8BEFC /* Base */,
			);
			name = LaunchScreen.storyboard;
			sourceTree = "<group>";
		};
/* End PBXVariantGroup section */

/* Begin XCBuildConfiguration section */
		12D82F0F293B669D00B8BEFC /* Debug */ = {
			isa = XCBuildConfiguration;
			buildSettings = {
				ALWAYS_SEARCH_USER_PATHS = NO;
				CLANG_ANALYZER_NONNULL = YES;
				CLANG_ANALYZER_NUMBER_OBJECT_CONVERSION = YES_AGGRESSIVE;
				CLANG_CXX_LANGUAGE_STANDARD = "gnu++17";
				CLANG_ENABLE_MODULES = YES;
				CLANG_ENABLE_OBJC_ARC = YES;
				CLANG_ENABLE_OBJC_WEAK = YES;
				CLANG_WARN_BLOCK_CAPTURE_AUTORELEASING = YES;
				CLANG_WARN_BOOL_CONVERSION = YES;
				CLANG_WARN_COMMA = YES;
				CLANG_WARN_CONSTANT_CONVERSION = YES;
				CLANG_WARN_DEPRECATED_OBJC_IMPLEMENTATIONS = YES;
				CLANG_WARN_DIRECT_OBJC_ISA_USAGE = YES_ERROR;
				CLANG_WARN_DOCUMENTATION_COMMENTS = YES;
				CLANG_WARN_EMPTY_BODY = YES;
				CLANG_WARN_ENUM_CONVERSION = YES;
				CLANG_WARN_INFINITE_RECURSION = YES;
				CLANG_WARN_INT_CONVERSION = YES;
				CLANG_WARN_NON_LITERAL_NULL_CONVERSION = YES;
				CLANG_WARN_OBJC_IMPLICIT_RETAIN_SELF = YES;
				CLANG_WARN_OBJC_LITERAL_CONVERSION = YES;
				CLANG_WARN_OBJC_ROOT_CLASS = YES_ERROR;
				CLANG_WARN_QUOTED_INCLUDE_IN_FRAMEWORK_HEADER = YES;
				CLANG_WARN_RANGE_LOOP_ANALYSIS = YES;
				CLANG_WARN_STRICT_PROTOTYPES = YES;
				CLANG_WARN_SUSPICIOUS_MOVE = YES;
				CLANG_WARN_UNGUARDED_AVAILABILITY = YES_AGGRESSIVE;
				CLANG_WARN_UNREACHABLE_CODE = YES;
				CLANG_WARN__DUPLICATE_METHOD_MATCH = YES;
				COPY_PHASE_STRIP = NO;
				DEBUG_INFORMATION_FORMAT = dwarf;
				ENABLE_STRICT_OBJC_MSGSEND = YES;
				ENABLE_TESTABILITY = YES;
				GCC_C_LANGUAGE_STANDARD = gnu11;
				GCC_DYNAMIC_NO_PIC = NO;
				GCC_NO_COMMON_BLOCKS = YES;
				GCC_OPTIMIZATION_LEVEL = 0;
				GCC_PREPROCESSOR_DEFINITIONS = (
					"DEBUG=1",
					"$(inherited)",
				);
				GCC_WARN_64_TO_32_BIT_CONVERSION = YES;
				GCC_WARN_ABOUT_RETURN_TYPE = YES_ERROR;
				GCC_WARN_UNDECLARED_SELECTOR = YES;
				GCC_WARN_UNINITIALIZED_AUTOS = YES_AGGRESSIVE;
				GCC_WARN_UNUSED_FUNCTION = YES;
				GCC_WARN_UNUSED_VARIABLE = YES;
				IPHONEOS_DEPLOYMENT_TARGET = 13.0;
				MTL_ENABLE_DEBUG_INFO = INCLUDE_SOURCE;
				MTL_FAST_MATH = YES;
				ONLY_ACTIVE_ARCH = YES;
				SDKROOT = iphoneos;
				SWIFT_ACTIVE_COMPILATION_CONDITIONS = DEBUG;
				SWIFT_OPTIMIZATION_LEVEL = "-Onone";
			};
			name = Debug;
		};
		12D82F10293B669D00B8BEFC /* Release */ = {
			isa = XCBuildConfiguration;
			buildSettings = {
				ALWAYS_SEARCH_USER_PATHS = NO;
				CLANG_ANALYZER_NONNULL = YES;
				CLANG_ANALYZER_NUMBER_OBJECT_CONVERSION = YES_AGGRESSIVE;
				CLANG_CXX_LANGUAGE_STANDARD = "gnu++17";
				CLANG_ENABLE_MODULES = YES;
				CLANG_ENABLE_OBJC_ARC = YES;
				CLANG_ENABLE_OBJC_WEAK = YES;
				CLANG_WARN_BLOCK_CAPTURE_AUTORELEASING = YES;
				CLANG_WARN_BOOL_CONVERSION = YES;
				CLANG_WARN_COMMA = YES;
				CLANG_WARN_CONSTANT_CONVERSION = YES;
				CLANG_WARN_DEPRECATED_OBJC_IMPLEMENTATIONS = YES;
				CLANG_WARN_DIRECT_OBJC_ISA_USAGE = YES_ERROR;
				CLANG_WARN_DOCUMENTATION_COMMENTS = YES;
				CLANG_WARN_EMPTY_BODY = YES;
				CLANG_WARN_ENUM_CONVERSION = YES;
				CLANG_WARN_INFINITE_RECURSION = YES;
				CLANG_WARN_INT_CONVERSION = YES;
				CLANG_WARN_NON_LITERAL_NULL_CONVERSION = YES;
				CLANG_WARN_OBJC_IMPLICIT_RETAIN_SELF = YES;
				CLANG_WARN_OBJC_LITERAL_CONVERSION = YES;
				CLANG_WARN_OBJC_ROOT_CLASS = YES_ERROR;
				CLANG_WARN_QUOTED_INCLUDE_IN_FRAMEWORK_HEADER = YES;
				CLANG_WARN_RANGE_LOOP_ANALYSIS = YES;
				CLANG_WARN_STRICT_PROTOTYPES = YES;
				CLANG_WARN_SUSPICIOUS_MOVE = YES;
				CLANG_WARN_UNGUARDED_AVAILABILITY = YES_AGGRESSIVE;
				CLANG_WARN_UNREACHABLE_CODE = YES;
				CLANG_WARN__DUPLICATE_METHOD_MATCH = YES;
				COPY_PHASE_STRIP = NO;
				DEBUG_INFORMATION_FORMAT = "dwarf-with-dsym";
				ENABLE_NS_ASSERTIONS = NO;
				ENABLE_STRICT_OBJC_MSGSEND = YES;
				GCC_C_LANGUAGE_STANDARD = gnu11;
				GCC_NO_COMMON_BLOCKS = YES;
				GCC_WARN_64_TO_32_BIT_CONVERSION = YES;
				GCC_WARN_ABOUT_RETURN_TYPE = YES_ERROR;
				GCC_WARN_UNDECLARED_SELECTOR = YES;
				GCC_WARN_UNINITIALIZED_AUTOS = YES_AGGRESSIVE;
				GCC_WARN_UNUSED_FUNCTION = YES;
				GCC_WARN_UNUSED_VARIABLE = YES;
				IPHONEOS_DEPLOYMENT_TARGET = 13.0;
				MTL_ENABLE_DEBUG_INFO = NO;
				MTL_FAST_MATH = YES;
				SDKROOT = iphoneos;
				SWIFT_COMPILATION_MODE = wholemodule;
				SWIFT_OPTIMIZATION_LEVEL = "-O";
				VALIDATE_PRODUCT = YES;
			};
			name = Release;
		};
		12D82F12293B669D00B8BEFC /* Debug */ = {
			isa = XCBuildConfiguration;
			buildSettings = {
				ASSETCATALOG_COMPILER_APPICON_NAME = AppIcon;
				ASSETCATALOG_COMPILER_GLOBAL_ACCENT_COLOR_NAME = AccentColor;
				CODE_SIGN_STYLE = Automatic;
				CURRENT_PROJECT_VERSION = 1;
				DEVELOPMENT_TEAM = FZY9HPGWFV;
				FRAMEWORK_SEARCH_PATHS = "$(SRCROOT)/../shared/build/xcode-frameworks/$(CONFIGURATION)/$(SDK_NAME)";
				GENERATE_INFOPLIST_FILE = YES;
				INFOPLIST_FILE = iosApp/Info.plist;
				INFOPLIST_KEY_UIApplicationSupportsIndirectInputEvents = YES;
				INFOPLIST_KEY_UILaunchStoryboardName = LaunchScreen;
				INFOPLIST_KEY_UIMainStoryboardFile = Main;
				INFOPLIST_KEY_UISupportedInterfaceOrientations_iPad = "UIInterfaceOrientationPortrait UIInterfaceOrientationPortraitUpsideDown UIInterfaceOrientationLandscapeLeft UIInterfaceOrientationLandscapeRight";
				INFOPLIST_KEY_UISupportedInterfaceOrientations_iPhone = "UIInterfaceOrientationPortrait UIInterfaceOrientationLandscapeLeft UIInterfaceOrientationLandscapeRight";
				LD_RUNPATH_SEARCH_PATHS = (
					"$(inherited)",
					"@executable_path/Frameworks",
				);
				MARKETING_VERSION = 1.0;
				OTHER_LDFLAGS = (
					"$(inherited)",
					"-framework",
					shared,
				);
				PRODUCT_BUNDLE_IDENTIFIER = com.vasanth.kmm.apparchitecture.ios.iosApp;
				PRODUCT_NAME = "$(TARGET_NAME)";
				SWIFT_EMIT_LOC_STRINGS = YES;
				SWIFT_VERSION = 5.0;
				TARGETED_DEVICE_FAMILY = "1,2";
			};
			name = Debug;
		};
		12D82F13293B669D00B8BEFC /* Release */ = {
			isa = XCBuildConfiguration;
			buildSettings = {
				ASSETCATALOG_COMPILER_APPICON_NAME = AppIcon;
				ASSETCATALOG_COMPILER_GLOBAL_ACCENT_COLOR_NAME = AccentColor;
				CODE_SIGN_STYLE = Automatic;
				CURRENT_PROJECT_VERSION = 1;
				DEVELOPMENT_TEAM = FZY9HPGWFV;
				FRAMEWORK_SEARCH_PATHS = "$(SRCROOT)/../shared/build/xcode-frameworks/$(CONFIGURATION)/$(SDK_NAME)";
				GENERATE_INFOPLIST_FILE = YES;
				INFOPLIST_FILE = iosApp/Info.plist;
				INFOPLIST_KEY_UIApplicationSupportsIndirectInputEvents = YES;
				INFOPLIST_KEY_UILaunchStoryboardName = LaunchScreen;
				INFOPLIST_KEY_UIMainStoryboardFile = Main;
				INFOPLIST_KEY_UISupportedInterfaceOrientations_iPad = "UIInterfaceOrientationPortrait UIInterfaceOrientationPortraitUpsideDown UIInterfaceOrientationLandscapeLeft UIInterfaceOrientationLandscapeRight";
				INFOPLIST_KEY_UISupportedInterfaceOrientations_iPhone = "UIInterfaceOrientationPortrait UIInterfaceOrientationLandscapeLeft UIInterfaceOrientationLandscapeRight";
				LD_RUNPATH_SEARCH_PATHS = (
					"$(inherited)",
					"@executable_path/Frameworks",
				);
				MARKETING_VERSION = 1.0;
				OTHER_LDFLAGS = (
					"$(inherited)",
					"-framework",
					shared,
				);
				PRODUCT_BUNDLE_IDENTIFIER = com.vasanth.kmm.apparchitecture.ios.iosApp;
				PRODUCT_NAME = "$(TARGET_NAME)";
				SWIFT_EMIT_LOC_STRINGS = YES;
				SWIFT_VERSION = 5.0;
				TARGETED_DEVICE_FAMILY = "1,2";
			};
			name = Release;
		};
/* End XCBuildConfiguration section */

/* Begin XCConfigurationList section */
		12D82EF8293B669C00B8BEFC /* Build configuration list for PBXProject "iosApp" */ = {
			isa = XCConfigurationList;
			buildConfigurations = (
				12D82F0F293B669D00B8BEFC /* Debug */,
				12D82F10293B669D00B8BEFC /* Release */,
			);
			defaultConfigurationIsVisible = 0;
			defaultConfigurationName = Release;
		};
		12D82F11293B669D00B8BEFC /* Build configuration list for PBXNativeTarget "iosApp" */ = {
			isa = XCConfigurationList;
			buildConfigurations = (
				12D82F12293B669D00B8BEFC /* Debug */,
				12D82F13293B669D00B8BEFC /* Release */,
			);
			defaultConfigurationIsVisible = 0;
			defaultConfigurationName = Release;
		};
/* End XCConfigurationList section */
	};
	rootObject = 12D82EF5293B669C00B8BEFC /* Project object */;
}
